
Microsoft Visual Studio Solution File, Format Version 12.00
# Visual Studio 15
VisualStudioVersion = 15.0.26124.0
MinimumVisualStudioVersion = 15.0.26124.0
Project("{FAE04EC0-301F-11D3-BF4B-00C04F79EFBC}") = "src/DocGen.Core", "src\DocGen.Core\DocGen.Core.csproj", "{3C6AB8C5-F46E-498C-8756-805E7E54F13B}"
EndProject
Project("{FAE04EC0-301F-11D3-BF4B-00C04F79EFBC}") = "src/DocGen.Cons", "src\DocGen.Cons\DocGen.Cons.csproj", "{61B2575D-415C-404A-80ED-A2421EDA2A6D}"
EndProject
Project("{FAE04EC0-301F-11D3-BF4B-00C04F79EFBC}") = "src/DocGen.Requirements", "src\DocGen.Requirements\DocGen.Requirements.csproj", "{27C1B385-C063-4A89-88CA-B57017EDCA56}"
EndProject
Project("{FAE04EC0-301F-11D3-BF4B-00C04F79EFBC}") = "test/DocGen.Requirements.Tests", "test\DocGen.Requirements.Tests\DocGen.Requirements.Tests.csproj", "{83534DC2-27E4-498A-8309-DE0BD7FFBB48}"
EndProject
Project("{FAE04EC0-301F-11D3-BF4B-00C04F79EFBC}") = "src/DocGen.Web", "src\DocGen.Web\DocGen.Web.csproj", "{CE79E9C3-91C4-44C4-A7D7-5824E523FDD9}"
EndProject
Project("{2150E333-8FDC-42A3-9474-1A3956D46DE8}") = "test", "test", "{9AECEFC8-E162-4CA5-8788-1AF451A75F0C}"
EndProject
Project("{FAE04EC0-301F-11D3-BF4B-00C04F79EFBC}") = "DocGen.Tests.Cons", "test\DocGen.Tests.Cons\DocGen.Tests.Cons.csproj", "{B4B3B49F-46CE-4F6A-ADAC-DBE4CA2AF7F7}"
EndProject
Project("{FAE04EC0-301F-11D3-BF4B-00C04F79EFBC}") = "DocGen.Core.Tests", "test\DocGen.Core.Tests\DocGen.Core.Tests.csproj", "{4DAA9E44-AB90-4488-A757-84164D80E832}"
EndProject
Project("{2150E333-8FDC-42A3-9474-1A3956D46DE8}") = "src", "src", "{61F79B18-2CAF-4DBD-94BB-E78553A117CD}"
EndProject
Project("{FAE04EC0-301F-11D3-BF4B-00C04F79EFBC}") = "DocGen.Web.Requirements", "src\DocGen.Web.Requirements\DocGen.Web.Requirements.csproj", "{CE064DDD-6912-41C3-8C90-539D6A4AE869}"
EndProject
Project("{FAE04EC0-301F-11D3-BF4B-00C04F79EFBC}") = "DocGen.Web.Manual", "src\DocGen.Web.Manual\DocGen.Web.Manual.csproj", "{62D62B02-BF07-403F-8D2F-FF1E32C24E53}"
EndProject
Project("{FAE04EC0-301F-11D3-BF4B-00C04F79EFBC}") = "DocGen.Web.Tests", "test\DocGen.Web.Tests\DocGen.Web.Tests.csproj", "{A5EE8A20-0AC9-4D63-A77D-E2DC8D288D68}"
EndProject
Project("{FAE04EC0-301F-11D3-BF4B-00C04F79EFBC}") = "DocGen.Tests", "test\DocGen.Tests\DocGen.Tests.csproj", "{F927497F-BD6C-43C3-82E9-5F8CD37FE1B6}"
EndProject
Global
	GlobalSection(SolutionConfigurationPlatforms) = preSolution
		Debug|Any CPU = Debug|Any CPU
		Debug|x64 = Debug|x64
		Debug|x86 = Debug|x86
		Release|Any CPU = Release|Any CPU
		Release|x64 = Release|x64
		Release|x86 = Release|x86
	EndGlobalSection
	GlobalSection(SolutionProperties) = preSolution
		HideSolutionNode = FALSE
	EndGlobalSection
	GlobalSection(ProjectConfigurationPlatforms) = postSolution
		{3C6AB8C5-F46E-498C-8756-805E7E54F13B}.Debug|Any CPU.ActiveCfg = Debug|Any CPU
		{3C6AB8C5-F46E-498C-8756-805E7E54F13B}.Debug|Any CPU.Build.0 = Debug|Any CPU
		{3C6AB8C5-F46E-498C-8756-805E7E54F13B}.Debug|x64.ActiveCfg = Debug|x64
		{3C6AB8C5-F46E-498C-8756-805E7E54F13B}.Debug|x64.Build.0 = Debug|x64
		{3C6AB8C5-F46E-498C-8756-805E7E54F13B}.Debug|x86.ActiveCfg = Debug|x86
		{3C6AB8C5-F46E-498C-8756-805E7E54F13B}.Debug|x86.Build.0 = Debug|x86
		{3C6AB8C5-F46E-498C-8756-805E7E54F13B}.Release|Any CPU.ActiveCfg = Release|Any CPU
		{3C6AB8C5-F46E-498C-8756-805E7E54F13B}.Release|Any CPU.Build.0 = Release|Any CPU
		{3C6AB8C5-F46E-498C-8756-805E7E54F13B}.Release|x64.ActiveCfg = Release|x64
		{3C6AB8C5-F46E-498C-8756-805E7E54F13B}.Release|x64.Build.0 = Release|x64
		{3C6AB8C5-F46E-498C-8756-805E7E54F13B}.Release|x86.ActiveCfg = Release|x86
		{3C6AB8C5-F46E-498C-8756-805E7E54F13B}.Release|x86.Build.0 = Release|x86
		{61B2575D-415C-404A-80ED-A2421EDA2A6D}.Debug|Any CPU.ActiveCfg = Debug|Any CPU
		{61B2575D-415C-404A-80ED-A2421EDA2A6D}.Debug|Any CPU.Build.0 = Debug|Any CPU
		{61B2575D-415C-404A-80ED-A2421EDA2A6D}.Debug|x64.ActiveCfg = Debug|x64
		{61B2575D-415C-404A-80ED-A2421EDA2A6D}.Debug|x64.Build.0 = Debug|x64
		{61B2575D-415C-404A-80ED-A2421EDA2A6D}.Debug|x86.ActiveCfg = Debug|x86
		{61B2575D-415C-404A-80ED-A2421EDA2A6D}.Debug|x86.Build.0 = Debug|x86
		{61B2575D-415C-404A-80ED-A2421EDA2A6D}.Release|Any CPU.ActiveCfg = Release|Any CPU
		{61B2575D-415C-404A-80ED-A2421EDA2A6D}.Release|Any CPU.Build.0 = Release|Any CPU
		{61B2575D-415C-404A-80ED-A2421EDA2A6D}.Release|x64.ActiveCfg = Release|x64
		{61B2575D-415C-404A-80ED-A2421EDA2A6D}.Release|x64.Build.0 = Release|x64
		{61B2575D-415C-404A-80ED-A2421EDA2A6D}.Release|x86.ActiveCfg = Release|x86
		{61B2575D-415C-404A-80ED-A2421EDA2A6D}.Release|x86.Build.0 = Release|x86
		{27C1B385-C063-4A89-88CA-B57017EDCA56}.Debug|Any CPU.ActiveCfg = Debug|Any CPU
		{27C1B385-C063-4A89-88CA-B57017EDCA56}.Debug|Any CPU.Build.0 = Debug|Any CPU
		{27C1B385-C063-4A89-88CA-B57017EDCA56}.Debug|x64.ActiveCfg = Debug|x64
		{27C1B385-C063-4A89-88CA-B57017EDCA56}.Debug|x64.Build.0 = Debug|x64
		{27C1B385-C063-4A89-88CA-B57017EDCA56}.Debug|x86.ActiveCfg = Debug|x86
		{27C1B385-C063-4A89-88CA-B57017EDCA56}.Debug|x86.Build.0 = Debug|x86
		{27C1B385-C063-4A89-88CA-B57017EDCA56}.Release|Any CPU.ActiveCfg = Release|Any CPU
		{27C1B385-C063-4A89-88CA-B57017EDCA56}.Release|Any CPU.Build.0 = Release|Any CPU
		{27C1B385-C063-4A89-88CA-B57017EDCA56}.Release|x64.ActiveCfg = Release|x64
		{27C1B385-C063-4A89-88CA-B57017EDCA56}.Release|x64.Build.0 = Release|x64
		{27C1B385-C063-4A89-88CA-B57017EDCA56}.Release|x86.ActiveCfg = Release|x86
		{27C1B385-C063-4A89-88CA-B57017EDCA56}.Release|x86.Build.0 = Release|x86
		{83534DC2-27E4-498A-8309-DE0BD7FFBB48}.Debug|Any CPU.ActiveCfg = Debug|Any CPU
		{83534DC2-27E4-498A-8309-DE0BD7FFBB48}.Debug|Any CPU.Build.0 = Debug|Any CPU
		{83534DC2-27E4-498A-8309-DE0BD7FFBB48}.Debug|x64.ActiveCfg = Debug|x64
		{83534DC2-27E4-498A-8309-DE0BD7FFBB48}.Debug|x64.Build.0 = Debug|x64
		{83534DC2-27E4-498A-8309-DE0BD7FFBB48}.Debug|x86.ActiveCfg = Debug|x86
		{83534DC2-27E4-498A-8309-DE0BD7FFBB48}.Debug|x86.Build.0 = Debug|x86
		{83534DC2-27E4-498A-8309-DE0BD7FFBB48}.Release|Any CPU.ActiveCfg = Release|Any CPU
		{83534DC2-27E4-498A-8309-DE0BD7FFBB48}.Release|Any CPU.Build.0 = Release|Any CPU
		{83534DC2-27E4-498A-8309-DE0BD7FFBB48}.Release|x64.ActiveCfg = Release|x64
		{83534DC2-27E4-498A-8309-DE0BD7FFBB48}.Release|x64.Build.0 = Release|x64
		{83534DC2-27E4-498A-8309-DE0BD7FFBB48}.Release|x86.ActiveCfg = Release|x86
		{83534DC2-27E4-498A-8309-DE0BD7FFBB48}.Release|x86.Build.0 = Release|x86
		{CE79E9C3-91C4-44C4-A7D7-5824E523FDD9}.Debug|Any CPU.ActiveCfg = Debug|Any CPU
		{CE79E9C3-91C4-44C4-A7D7-5824E523FDD9}.Debug|Any CPU.Build.0 = Debug|Any CPU
		{CE79E9C3-91C4-44C4-A7D7-5824E523FDD9}.Debug|x64.ActiveCfg = Debug|x64
		{CE79E9C3-91C4-44C4-A7D7-5824E523FDD9}.Debug|x64.Build.0 = Debug|x64
		{CE79E9C3-91C4-44C4-A7D7-5824E523FDD9}.Debug|x86.ActiveCfg = Debug|x86
		{CE79E9C3-91C4-44C4-A7D7-5824E523FDD9}.Debug|x86.Build.0 = Debug|x86
		{CE79E9C3-91C4-44C4-A7D7-5824E523FDD9}.Release|Any CPU.ActiveCfg = Release|Any CPU
		{CE79E9C3-91C4-44C4-A7D7-5824E523FDD9}.Release|Any CPU.Build.0 = Release|Any CPU
		{CE79E9C3-91C4-44C4-A7D7-5824E523FDD9}.Release|x64.ActiveCfg = Release|x64
		{CE79E9C3-91C4-44C4-A7D7-5824E523FDD9}.Release|x64.Build.0 = Release|x64
		{CE79E9C3-91C4-44C4-A7D7-5824E523FDD9}.Release|x86.ActiveCfg = Release|x86
		{CE79E9C3-91C4-44C4-A7D7-5824E523FDD9}.Release|x86.Build.0 = Release|x86
		{B4B3B49F-46CE-4F6A-ADAC-DBE4CA2AF7F7}.Debug|Any CPU.ActiveCfg = Debug|Any CPU
		{B4B3B49F-46CE-4F6A-ADAC-DBE4CA2AF7F7}.Debug|Any CPU.Build.0 = Debug|Any CPU
		{B4B3B49F-46CE-4F6A-ADAC-DBE4CA2AF7F7}.Debug|x64.ActiveCfg = Debug|x64
		{B4B3B49F-46CE-4F6A-ADAC-DBE4CA2AF7F7}.Debug|x64.Build.0 = Debug|x64
		{B4B3B49F-46CE-4F6A-ADAC-DBE4CA2AF7F7}.Debug|x86.ActiveCfg = Debug|x86
		{B4B3B49F-46CE-4F6A-ADAC-DBE4CA2AF7F7}.Debug|x86.Build.0 = Debug|x86
		{B4B3B49F-46CE-4F6A-ADAC-DBE4CA2AF7F7}.Release|Any CPU.ActiveCfg = Release|Any CPU
		{B4B3B49F-46CE-4F6A-ADAC-DBE4CA2AF7F7}.Release|Any CPU.Build.0 = Release|Any CPU
		{B4B3B49F-46CE-4F6A-ADAC-DBE4CA2AF7F7}.Release|x64.ActiveCfg = Release|x64
		{B4B3B49F-46CE-4F6A-ADAC-DBE4CA2AF7F7}.Release|x64.Build.0 = Release|x64
		{B4B3B49F-46CE-4F6A-ADAC-DBE4CA2AF7F7}.Release|x86.ActiveCfg = Release|x86
		{B4B3B49F-46CE-4F6A-ADAC-DBE4CA2AF7F7}.Release|x86.Build.0 = Release|x86
		{4DAA9E44-AB90-4488-A757-84164D80E832}.Debug|Any CPU.ActiveCfg = Debug|Any CPU
		{4DAA9E44-AB90-4488-A757-84164D80E832}.Debug|Any CPU.Build.0 = Debug|Any CPU
		{4DAA9E44-AB90-4488-A757-84164D80E832}.Debug|x64.ActiveCfg = Debug|x64
		{4DAA9E44-AB90-4488-A757-84164D80E832}.Debug|x64.Build.0 = Debug|x64
		{4DAA9E44-AB90-4488-A757-84164D80E832}.Debug|x86.ActiveCfg = Debug|x86
		{4DAA9E44-AB90-4488-A757-84164D80E832}.Debug|x86.Build.0 = Debug|x86
		{4DAA9E44-AB90-4488-A757-84164D80E832}.Release|Any CPU.ActiveCfg = Release|Any CPU
		{4DAA9E44-AB90-4488-A757-84164D80E832}.Release|Any CPU.Build.0 = Release|Any CPU
		{4DAA9E44-AB90-4488-A757-84164D80E832}.Release|x64.ActiveCfg = Release|x64
		{4DAA9E44-AB90-4488-A757-84164D80E832}.Release|x64.Build.0 = Release|x64
		{4DAA9E44-AB90-4488-A757-84164D80E832}.Release|x86.ActiveCfg = Release|x86
		{4DAA9E44-AB90-4488-A757-84164D80E832}.Release|x86.Build.0 = Release|x86
		{CE064DDD-6912-41C3-8C90-539D6A4AE869}.Debug|Any CPU.ActiveCfg = Debug|Any CPU
		{CE064DDD-6912-41C3-8C90-539D6A4AE869}.Debug|Any CPU.Build.0 = Debug|Any CPU
		{CE064DDD-6912-41C3-8C90-539D6A4AE869}.Debug|x64.ActiveCfg = Debug|x64
		{CE064DDD-6912-41C3-8C90-539D6A4AE869}.Debug|x64.Build.0 = Debug|x64
		{CE064DDD-6912-41C3-8C90-539D6A4AE869}.Debug|x86.ActiveCfg = Debug|x86
		{CE064DDD-6912-41C3-8C90-539D6A4AE869}.Debug|x86.Build.0 = Debug|x86
		{CE064DDD-6912-41C3-8C90-539D6A4AE869}.Release|Any CPU.ActiveCfg = Release|Any CPU
		{CE064DDD-6912-41C3-8C90-539D6A4AE869}.Release|Any CPU.Build.0 = Release|Any CPU
		{CE064DDD-6912-41C3-8C90-539D6A4AE869}.Release|x64.ActiveCfg = Release|x64
		{CE064DDD-6912-41C3-8C90-539D6A4AE869}.Release|x64.Build.0 = Release|x64
		{CE064DDD-6912-41C3-8C90-539D6A4AE869}.Release|x86.ActiveCfg = Release|x86
		{CE064DDD-6912-41C3-8C90-539D6A4AE869}.Release|x86.Build.0 = Release|x86
		{62D62B02-BF07-403F-8D2F-FF1E32C24E53}.Debug|Any CPU.ActiveCfg = Debug|Any CPU
		{62D62B02-BF07-403F-8D2F-FF1E32C24E53}.Debug|Any CPU.Build.0 = Debug|Any CPU
		{62D62B02-BF07-403F-8D2F-FF1E32C24E53}.Debug|x64.ActiveCfg = Debug|x64
		{62D62B02-BF07-403F-8D2F-FF1E32C24E53}.Debug|x64.Build.0 = Debug|x64
		{62D62B02-BF07-403F-8D2F-FF1E32C24E53}.Debug|x86.ActiveCfg = Debug|x86
		{62D62B02-BF07-403F-8D2F-FF1E32C24E53}.Debug|x86.Build.0 = Debug|x86
		{62D62B02-BF07-403F-8D2F-FF1E32C24E53}.Release|Any CPU.ActiveCfg = Release|Any CPU
		{62D62B02-BF07-403F-8D2F-FF1E32C24E53}.Release|Any CPU.Build.0 = Release|Any CPU
		{62D62B02-BF07-403F-8D2F-FF1E32C24E53}.Release|x64.ActiveCfg = Release|x64
		{62D62B02-BF07-403F-8D2F-FF1E32C24E53}.Release|x64.Build.0 = Release|x64
		{62D62B02-BF07-403F-8D2F-FF1E32C24E53}.Release|x86.ActiveCfg = Release|x86
		{62D62B02-BF07-403F-8D2F-FF1E32C24E53}.Release|x86.Build.0 = Release|x86
		{A5EE8A20-0AC9-4D63-A77D-E2DC8D288D68}.Debug|Any CPU.ActiveCfg = Debug|Any CPU
		{A5EE8A20-0AC9-4D63-A77D-E2DC8D288D68}.Debug|Any CPU.Build.0 = Debug|Any CPU
		{A5EE8A20-0AC9-4D63-A77D-E2DC8D288D68}.Debug|x64.ActiveCfg = Debug|x64
		{A5EE8A20-0AC9-4D63-A77D-E2DC8D288D68}.Debug|x64.Build.0 = Debug|x64
		{A5EE8A20-0AC9-4D63-A77D-E2DC8D288D68}.Debug|x86.ActiveCfg = Debug|x86
		{A5EE8A20-0AC9-4D63-A77D-E2DC8D288D68}.Debug|x86.Build.0 = Debug|x86
		{A5EE8A20-0AC9-4D63-A77D-E2DC8D288D68}.Release|Any CPU.ActiveCfg = Release|Any CPU
		{A5EE8A20-0AC9-4D63-A77D-E2DC8D288D68}.Release|Any CPU.Build.0 = Release|Any CPU
		{A5EE8A20-0AC9-4D63-A77D-E2DC8D288D68}.Release|x64.ActiveCfg = Release|x64
		{A5EE8A20-0AC9-4D63-A77D-E2DC8D288D68}.Release|x64.Build.0 = Release|x64
		{A5EE8A20-0AC9-4D63-A77D-E2DC8D288D68}.Release|x86.ActiveCfg = Release|x86
		{A5EE8A20-0AC9-4D63-A77D-E2DC8D288D68}.Release|x86.Build.0 = Release|x86
		{F927497F-BD6C-43C3-82E9-5F8CD37FE1B6}.Debug|Any CPU.ActiveCfg = Debug|Any CPU
		{F927497F-BD6C-43C3-82E9-5F8CD37FE1B6}.Debug|Any CPU.Build.0 = Debug|Any CPU
		{F927497F-BD6C-43C3-82E9-5F8CD37FE1B6}.Debug|x64.ActiveCfg = Debug|Any CPU
		{F927497F-BD6C-43C3-82E9-5F8CD37FE1B6}.Debug|x64.Build.0 = Debug|Any CPU
		{F927497F-BD6C-43C3-82E9-5F8CD37FE1B6}.Debug|x86.ActiveCfg = Debug|Any CPU
		{F927497F-BD6C-43C3-82E9-5F8CD37FE1B6}.Debug|x86.Build.0 = Debug|Any CPU
		{F927497F-BD6C-43C3-82E9-5F8CD37FE1B6}.Release|Any CPU.ActiveCfg = Release|Any CPU
		{F927497F-BD6C-43C3-82E9-5F8CD37FE1B6}.Release|Any CPU.Build.0 = Release|Any CPU
		{F927497F-BD6C-43C3-82E9-5F8CD37FE1B6}.Release|x64.ActiveCfg = Release|Any CPU
		{F927497F-BD6C-43C3-82E9-5F8CD37FE1B6}.Release|x64.Build.0 = Release|Any CPU
		{F927497F-BD6C-43C3-82E9-5F8CD37FE1B6}.Release|x86.ActiveCfg = Release|Any CPU
		{F927497F-BD6C-43C3-82E9-5F8CD37FE1B6}.Release|x86.Build.0 = Release|Any CPU
	EndGlobalSection
	GlobalSection(NestedProjects) = preSolution
		{B4B3B49F-46CE-4F6A-ADAC-DBE4CA2AF7F7} = {9AECEFC8-E162-4CA5-8788-1AF451A75F0C}
		{4DAA9E44-AB90-4488-A757-84164D80E832} = {9AECEFC8-E162-4CA5-8788-1AF451A75F0C}
		{CE064DDD-6912-41C3-8C90-539D6A4AE869} = {61F79B18-2CAF-4DBD-94BB-E78553A117CD}
		{62D62B02-BF07-403F-8D2F-FF1E32C24E53} = {61F79B18-2CAF-4DBD-94BB-E78553A117CD}
		{A5EE8A20-0AC9-4D63-A77D-E2DC8D288D68} = {9AECEFC8-E162-4CA5-8788-1AF451A75F0C}
		{61B2575D-415C-404A-80ED-A2421EDA2A6D} = {61F79B18-2CAF-4DBD-94BB-E78553A117CD}
		{3C6AB8C5-F46E-498C-8756-805E7E54F13B} = {61F79B18-2CAF-4DBD-94BB-E78553A117CD}
		{27C1B385-C063-4A89-88CA-B57017EDCA56} = {61F79B18-2CAF-4DBD-94BB-E78553A117CD}
		{83534DC2-27E4-498A-8309-DE0BD7FFBB48} = {9AECEFC8-E162-4CA5-8788-1AF451A75F0C}
		{CE79E9C3-91C4-44C4-A7D7-5824E523FDD9} = {61F79B18-2CAF-4DBD-94BB-E78553A117CD}
		{F927497F-BD6C-43C3-82E9-5F8CD37FE1B6} = {9AECEFC8-E162-4CA5-8788-1AF451A75F0C}
	EndGlobalSection
EndGlobal
