
Microsoft Visual Studio Solution File, Format Version 12.00
# Visual Studio 15
VisualStudioVersion = 15.0.26124.0
MinimumVisualStudioVersion = 15.0.26124.0
Project("{FAE04EC0-301F-11D3-BF4B-00C04F79EFBC}") = "DocGen.Core", "DocGen.Core\DocGen.Core.csproj", "{3C6AB8C5-F46E-498C-8756-805E7E54F13B}"
EndProject
Project("{FAE04EC0-301F-11D3-BF4B-00C04F79EFBC}") = "DocGen.Cons", "DocGen.Cons\DocGen.Cons.csproj", "{61B2575D-415C-404A-80ED-A2421EDA2A6D}"
EndProject
Project("{FAE04EC0-301F-11D3-BF4B-00C04F79EFBC}") = "DocGen.Requirements", "DocGen.Requirements\DocGen.Requirements.csproj", "{27C1B385-C063-4A89-88CA-B57017EDCA56}"
EndProject
Project("{FAE04EC0-301F-11D3-BF4B-00C04F79EFBC}") = "DocGen.Requirements.Tests", "DocGen.Requirements.Tests\DocGen.Requirements.Tests.csproj", "{83534DC2-27E4-498A-8309-DE0BD7FFBB48}"
EndProject
Project("{FAE04EC0-301F-11D3-BF4B-00C04F79EFBC}") = "DocGen.Web", "DocGen.Web\DocGen.Web.csproj", "{CE79E9C3-91C4-44C4-A7D7-5824E523FDD9}"
EndProject
Global
	GlobalSection(SolutionConfigurationPlatforms) = preSolution
		Debug|Any CPU = Debug|Any CPU
		Debug|x64 = Debug|x64
		Debug|x86 = Debug|x86
		Release|Any CPU = Release|Any CPU
		Release|x64 = Release|x64
		Release|x86 = Release|x86
	EndGlobalSection
	GlobalSection(SolutionProperties) = preSolution
		HideSolutionNode = FALSE
	EndGlobalSection
	GlobalSection(ProjectConfigurationPlatforms) = postSolution
		{3C6AB8C5-F46E-498C-8756-805E7E54F13B}.Debug|Any CPU.ActiveCfg = Debug|Any CPU
		{3C6AB8C5-F46E-498C-8756-805E7E54F13B}.Debug|Any CPU.Build.0 = Debug|Any CPU
		{3C6AB8C5-F46E-498C-8756-805E7E54F13B}.Debug|x64.ActiveCfg = Debug|x64
		{3C6AB8C5-F46E-498C-8756-805E7E54F13B}.Debug|x64.Build.0 = Debug|x64
		{3C6AB8C5-F46E-498C-8756-805E7E54F13B}.Debug|x86.ActiveCfg = Debug|x86
		{3C6AB8C5-F46E-498C-8756-805E7E54F13B}.Debug|x86.Build.0 = Debug|x86
		{3C6AB8C5-F46E-498C-8756-805E7E54F13B}.Release|Any CPU.ActiveCfg = Release|Any CPU
		{3C6AB8C5-F46E-498C-8756-805E7E54F13B}.Release|Any CPU.Build.0 = Release|Any CPU
		{3C6AB8C5-F46E-498C-8756-805E7E54F13B}.Release|x64.ActiveCfg = Release|x64
		{3C6AB8C5-F46E-498C-8756-805E7E54F13B}.Release|x64.Build.0 = Release|x64
		{3C6AB8C5-F46E-498C-8756-805E7E54F13B}.Release|x86.ActiveCfg = Release|x86
		{3C6AB8C5-F46E-498C-8756-805E7E54F13B}.Release|x86.Build.0 = Release|x86
		{61B2575D-415C-404A-80ED-A2421EDA2A6D}.Debug|Any CPU.ActiveCfg = Debug|Any CPU
		{61B2575D-415C-404A-80ED-A2421EDA2A6D}.Debug|Any CPU.Build.0 = Debug|Any CPU
		{61B2575D-415C-404A-80ED-A2421EDA2A6D}.Debug|x64.ActiveCfg = Debug|x64
		{61B2575D-415C-404A-80ED-A2421EDA2A6D}.Debug|x64.Build.0 = Debug|x64
		{61B2575D-415C-404A-80ED-A2421EDA2A6D}.Debug|x86.ActiveCfg = Debug|x86
		{61B2575D-415C-404A-80ED-A2421EDA2A6D}.Debug|x86.Build.0 = Debug|x86
		{61B2575D-415C-404A-80ED-A2421EDA2A6D}.Release|Any CPU.ActiveCfg = Release|Any CPU
		{61B2575D-415C-404A-80ED-A2421EDA2A6D}.Release|Any CPU.Build.0 = Release|Any CPU
		{61B2575D-415C-404A-80ED-A2421EDA2A6D}.Release|x64.ActiveCfg = Release|x64
		{61B2575D-415C-404A-80ED-A2421EDA2A6D}.Release|x64.Build.0 = Release|x64
		{61B2575D-415C-404A-80ED-A2421EDA2A6D}.Release|x86.ActiveCfg = Release|x86
		{61B2575D-415C-404A-80ED-A2421EDA2A6D}.Release|x86.Build.0 = Release|x86
		{27C1B385-C063-4A89-88CA-B57017EDCA56}.Debug|Any CPU.ActiveCfg = Debug|Any CPU
		{27C1B385-C063-4A89-88CA-B57017EDCA56}.Debug|Any CPU.Build.0 = Debug|Any CPU
		{27C1B385-C063-4A89-88CA-B57017EDCA56}.Debug|x64.ActiveCfg = Debug|x64
		{27C1B385-C063-4A89-88CA-B57017EDCA56}.Debug|x64.Build.0 = Debug|x64
		{27C1B385-C063-4A89-88CA-B57017EDCA56}.Debug|x86.ActiveCfg = Debug|x86
		{27C1B385-C063-4A89-88CA-B57017EDCA56}.Debug|x86.Build.0 = Debug|x86
		{27C1B385-C063-4A89-88CA-B57017EDCA56}.Release|Any CPU.ActiveCfg = Release|Any CPU
		{27C1B385-C063-4A89-88CA-B57017EDCA56}.Release|Any CPU.Build.0 = Release|Any CPU
		{27C1B385-C063-4A89-88CA-B57017EDCA56}.Release|x64.ActiveCfg = Release|x64
		{27C1B385-C063-4A89-88CA-B57017EDCA56}.Release|x64.Build.0 = Release|x64
		{27C1B385-C063-4A89-88CA-B57017EDCA56}.Release|x86.ActiveCfg = Release|x86
		{27C1B385-C063-4A89-88CA-B57017EDCA56}.Release|x86.Build.0 = Release|x86
		{83534DC2-27E4-498A-8309-DE0BD7FFBB48}.Debug|Any CPU.ActiveCfg = Debug|Any CPU
		{83534DC2-27E4-498A-8309-DE0BD7FFBB48}.Debug|Any CPU.Build.0 = Debug|Any CPU
		{83534DC2-27E4-498A-8309-DE0BD7FFBB48}.Debug|x64.ActiveCfg = Debug|x64
		{83534DC2-27E4-498A-8309-DE0BD7FFBB48}.Debug|x64.Build.0 = Debug|x64
		{83534DC2-27E4-498A-8309-DE0BD7FFBB48}.Debug|x86.ActiveCfg = Debug|x86
		{83534DC2-27E4-498A-8309-DE0BD7FFBB48}.Debug|x86.Build.0 = Debug|x86
		{83534DC2-27E4-498A-8309-DE0BD7FFBB48}.Release|Any CPU.ActiveCfg = Release|Any CPU
		{83534DC2-27E4-498A-8309-DE0BD7FFBB48}.Release|Any CPU.Build.0 = Release|Any CPU
		{83534DC2-27E4-498A-8309-DE0BD7FFBB48}.Release|x64.ActiveCfg = Release|x64
		{83534DC2-27E4-498A-8309-DE0BD7FFBB48}.Release|x64.Build.0 = Release|x64
		{83534DC2-27E4-498A-8309-DE0BD7FFBB48}.Release|x86.ActiveCfg = Release|x86
		{83534DC2-27E4-498A-8309-DE0BD7FFBB48}.Release|x86.Build.0 = Release|x86
		{CE79E9C3-91C4-44C4-A7D7-5824E523FDD9}.Debug|Any CPU.ActiveCfg = Debug|Any CPU
		{CE79E9C3-91C4-44C4-A7D7-5824E523FDD9}.Debug|Any CPU.Build.0 = Debug|Any CPU
		{CE79E9C3-91C4-44C4-A7D7-5824E523FDD9}.Debug|x64.ActiveCfg = Debug|x64
		{CE79E9C3-91C4-44C4-A7D7-5824E523FDD9}.Debug|x64.Build.0 = Debug|x64
		{CE79E9C3-91C4-44C4-A7D7-5824E523FDD9}.Debug|x86.ActiveCfg = Debug|x86
		{CE79E9C3-91C4-44C4-A7D7-5824E523FDD9}.Debug|x86.Build.0 = Debug|x86
		{CE79E9C3-91C4-44C4-A7D7-5824E523FDD9}.Release|Any CPU.ActiveCfg = Release|Any CPU
		{CE79E9C3-91C4-44C4-A7D7-5824E523FDD9}.Release|Any CPU.Build.0 = Release|Any CPU
		{CE79E9C3-91C4-44C4-A7D7-5824E523FDD9}.Release|x64.ActiveCfg = Release|x64
		{CE79E9C3-91C4-44C4-A7D7-5824E523FDD9}.Release|x64.Build.0 = Release|x64
		{CE79E9C3-91C4-44C4-A7D7-5824E523FDD9}.Release|x86.ActiveCfg = Release|x86
		{CE79E9C3-91C4-44C4-A7D7-5824E523FDD9}.Release|x86.Build.0 = Release|x86
	EndGlobalSection
EndGlobal
